
Microsoft Visual Studio Solution File, Format Version 12.00
# Visual Studio 2017
Project("{FAE04EC0-301F-11D3-BF4B-00C04F79EFBC}") = "Hell Not Home", "Hell Not Home.csproj", "{D5783C6D-2BD5-0877-101A-8A10319516B9}"
EndProject
Global
	GlobalSection(SolutionConfigurationPlatforms) = preSolution
		Debug|Any CPU = Debug|Any CPU
		Release|Any CPU = Release|Any CPU
	EndGlobalSection
	GlobalSection(ProjectConfigurationPlatforms) = postSolution
		{D5783C6D-2BD5-0877-101A-8A10319516B9}.Debug|Any CPU.ActiveCfg = Debug|Any CPU
		{D5783C6D-2BD5-0877-101A-8A10319516B9}.Debug|Any CPU.Build.0 = Debug|Any CPU
		{D5783C6D-2BD5-0877-101A-8A10319516B9}.Release|Any CPU.ActiveCfg = Release|Any CPU
		{D5783C6D-2BD5-0877-101A-8A10319516B9}.Release|Any CPU.Build.0 = Release|Any CPU
	EndGlobalSection
	GlobalSection(SolutionProperties) = preSolution
		HideSolutionNode = FALSE
	EndGlobalSection
EndGlobal
